
Microsoft Visual Studio Solution File, Format Version 12.00
# Visual Studio 15
VisualStudioVersion = 15.0.28307.329
MinimumVisualStudioVersion = 10.0.40219.1
Project("{FAE04EC0-301F-11D3-BF4B-00C04F79EFBC}") = "ContactManager.UI", "ContactManager.UI\ContactManager.UI.csproj", "{7345370C-BC1D-49E4-A03E-238506EE6707}"
EndProject
Project("{FAE04EC0-301F-11D3-BF4B-00C04F79EFBC}") = "ContactManager.Business", "ContactManager.Business\ContactManager.Business.csproj", "{9658167D-FB0B-44CC-9446-FD3F1E6A4FFF}"
EndProject
Global
	GlobalSection(SolutionConfigurationPlatforms) = preSolution
		Debug|Any CPU = Debug|Any CPU
		Release|Any CPU = Release|Any CPU
	EndGlobalSection
	GlobalSection(ProjectConfigurationPlatforms) = postSolution
		{7345370C-BC1D-49E4-A03E-238506EE6707}.Debug|Any CPU.ActiveCfg = Debug|Any CPU
		{7345370C-BC1D-49E4-A03E-238506EE6707}.Debug|Any CPU.Build.0 = Debug|Any CPU
		{7345370C-BC1D-49E4-A03E-238506EE6707}.Release|Any CPU.ActiveCfg = Release|Any CPU
		{7345370C-BC1D-49E4-A03E-238506EE6707}.Release|Any CPU.Build.0 = Release|Any CPU
		{9658167D-FB0B-44CC-9446-FD3F1E6A4FFF}.Debug|Any CPU.ActiveCfg = Debug|Any CPU
		{9658167D-FB0B-44CC-9446-FD3F1E6A4FFF}.Debug|Any CPU.Build.0 = Debug|Any CPU
		{9658167D-FB0B-44CC-9446-FD3F1E6A4FFF}.Release|Any CPU.ActiveCfg = Release|Any CPU
		{9658167D-FB0B-44CC-9446-FD3F1E6A4FFF}.Release|Any CPU.Build.0 = Release|Any CPU
	EndGlobalSection
	GlobalSection(SolutionProperties) = preSolution
		HideSolutionNode = FALSE
	EndGlobalSection
	GlobalSection(ExtensibilityGlobals) = postSolution
		SolutionGuid = {8C0EEA01-5440-4632-A69F-93786EC47AD1}
	EndGlobalSection
EndGlobal
