
Microsoft Visual Studio Solution File, Format Version 12.00
# Visual Studio 15
VisualStudioVersion = 15.0.28307.271
MinimumVisualStudioVersion = 10.0.40219.1
Project("{FAE04EC0-301F-11D3-BF4B-00C04F79EFBC}") = "GameManager.Host.Winforms", "GameManager.Host.Winforms\GameManager.Host.Winforms.csproj", "{20D9555F-82BE-46AA-886B-286D02EC7BF9}"
EndProject
Project("{FAE04EC0-301F-11D3-BF4B-00C04F79EFBC}") = "GameManager", "GameManager\GameManager.csproj", "{A2FD1153-8361-4388-8234-0F9463049AE5}"
EndProject
Project("{FAE04EC0-301F-11D3-BF4B-00C04F79EFBC}") = "GameManager.FileSystem", "GameManager.FileSystem\GameManager.FileSystem.csproj", "{1CC9D177-9208-47FC-BC52-7D11F215CE6B}"
EndProject
Project("{FAE04EC0-301F-11D3-BF4B-00C04F79EFBC}") = "GameManager.Sql", "GameManager.Sql\GameManager.Sql.csproj", "{DE2D2DA0-D93C-47BD-A06B-EECBCEDE3DAC}"
EndProject
Project("{00D1A9C2-B5F0-4AF3-8072-F6C62B433612}") = "GameDB", "GameDB\GameDB.sqlproj", "{E0B40936-DDCF-4E6D-98C5-4E3C2A693656}"
EndProject
Project("{FAE04EC0-301F-11D3-BF4B-00C04F79EFBC}") = "GameManager.Mvc", "GameManager.Mvc\GameManager.Mvc.csproj", "{2A231505-8C67-4A03-A670-8F791F843B19}"
EndProject
Global
	GlobalSection(SolutionConfigurationPlatforms) = preSolution
		Debug|Any CPU = Debug|Any CPU
		Release|Any CPU = Release|Any CPU
	EndGlobalSection
	GlobalSection(ProjectConfigurationPlatforms) = postSolution
		{20D9555F-82BE-46AA-886B-286D02EC7BF9}.Debug|Any CPU.ActiveCfg = Debug|Any CPU
		{20D9555F-82BE-46AA-886B-286D02EC7BF9}.Debug|Any CPU.Build.0 = Debug|Any CPU
		{20D9555F-82BE-46AA-886B-286D02EC7BF9}.Release|Any CPU.ActiveCfg = Release|Any CPU
		{20D9555F-82BE-46AA-886B-286D02EC7BF9}.Release|Any CPU.Build.0 = Release|Any CPU
		{A2FD1153-8361-4388-8234-0F9463049AE5}.Debug|Any CPU.ActiveCfg = Debug|Any CPU
		{A2FD1153-8361-4388-8234-0F9463049AE5}.Debug|Any CPU.Build.0 = Debug|Any CPU
		{A2FD1153-8361-4388-8234-0F9463049AE5}.Release|Any CPU.ActiveCfg = Release|Any CPU
		{A2FD1153-8361-4388-8234-0F9463049AE5}.Release|Any CPU.Build.0 = Release|Any CPU
		{1CC9D177-9208-47FC-BC52-7D11F215CE6B}.Debug|Any CPU.ActiveCfg = Debug|Any CPU
		{1CC9D177-9208-47FC-BC52-7D11F215CE6B}.Debug|Any CPU.Build.0 = Debug|Any CPU
		{1CC9D177-9208-47FC-BC52-7D11F215CE6B}.Release|Any CPU.ActiveCfg = Release|Any CPU
		{1CC9D177-9208-47FC-BC52-7D11F215CE6B}.Release|Any CPU.Build.0 = Release|Any CPU
		{DE2D2DA0-D93C-47BD-A06B-EECBCEDE3DAC}.Debug|Any CPU.ActiveCfg = Debug|Any CPU
		{DE2D2DA0-D93C-47BD-A06B-EECBCEDE3DAC}.Debug|Any CPU.Build.0 = Debug|Any CPU
		{DE2D2DA0-D93C-47BD-A06B-EECBCEDE3DAC}.Release|Any CPU.ActiveCfg = Release|Any CPU
		{DE2D2DA0-D93C-47BD-A06B-EECBCEDE3DAC}.Release|Any CPU.Build.0 = Release|Any CPU
		{E0B40936-DDCF-4E6D-98C5-4E3C2A693656}.Debug|Any CPU.ActiveCfg = Debug|Any CPU
		{E0B40936-DDCF-4E6D-98C5-4E3C2A693656}.Debug|Any CPU.Build.0 = Debug|Any CPU
		{E0B40936-DDCF-4E6D-98C5-4E3C2A693656}.Debug|Any CPU.Deploy.0 = Debug|Any CPU
		{E0B40936-DDCF-4E6D-98C5-4E3C2A693656}.Release|Any CPU.ActiveCfg = Release|Any CPU
		{E0B40936-DDCF-4E6D-98C5-4E3C2A693656}.Release|Any CPU.Build.0 = Release|Any CPU
		{E0B40936-DDCF-4E6D-98C5-4E3C2A693656}.Release|Any CPU.Deploy.0 = Release|Any CPU
		{2A231505-8C67-4A03-A670-8F791F843B19}.Debug|Any CPU.ActiveCfg = Debug|Any CPU
		{2A231505-8C67-4A03-A670-8F791F843B19}.Debug|Any CPU.Build.0 = Debug|Any CPU
		{2A231505-8C67-4A03-A670-8F791F843B19}.Release|Any CPU.ActiveCfg = Release|Any CPU
		{2A231505-8C67-4A03-A670-8F791F843B19}.Release|Any CPU.Build.0 = Release|Any CPU
	EndGlobalSection
	GlobalSection(SolutionProperties) = preSolution
		HideSolutionNode = FALSE
	EndGlobalSection
	GlobalSection(ExtensibilityGlobals) = postSolution
		SolutionGuid = {1D14D669-3AF0-4D84-8611-692E4C4691D0}
	EndGlobalSection
EndGlobal
