
Microsoft Visual Studio Solution File, Format Version 12.00
# Visual Studio 15
VisualStudioVersion = 15.0.28307.329
MinimumVisualStudioVersion = 10.0.40219.1
Project("{FAE04EC0-301F-11D3-BF4B-00C04F79EFBC}") = "CharacterCreator.Winforms", "CharacterCreator.Winforms\CharacterCreator.Winforms.csproj", "{F32CF3D7-F015-4A7F-BCC4-F17EF60CBAF6}"
EndProject
Global
	GlobalSection(SolutionConfigurationPlatforms) = preSolution
		Debug|Any CPU = Debug|Any CPU
		Release|Any CPU = Release|Any CPU
	EndGlobalSection
	GlobalSection(ProjectConfigurationPlatforms) = postSolution
		{F32CF3D7-F015-4A7F-BCC4-F17EF60CBAF6}.Debug|Any CPU.ActiveCfg = Debug|Any CPU
		{F32CF3D7-F015-4A7F-BCC4-F17EF60CBAF6}.Debug|Any CPU.Build.0 = Debug|Any CPU
		{F32CF3D7-F015-4A7F-BCC4-F17EF60CBAF6}.Release|Any CPU.ActiveCfg = Release|Any CPU
		{F32CF3D7-F015-4A7F-BCC4-F17EF60CBAF6}.Release|Any CPU.Build.0 = Release|Any CPU
	EndGlobalSection
	GlobalSection(SolutionProperties) = preSolution
		HideSolutionNode = FALSE
	EndGlobalSection
	GlobalSection(ExtensibilityGlobals) = postSolution
		SolutionGuid = {BB45F80E-8FFD-469E-9791-7BBBD190DEB9}
	EndGlobalSection
EndGlobal
