
Microsoft Visual Studio Solution File, Format Version 12.00
# Visual Studio 15
VisualStudioVersion = 15.0.28307.329
MinimumVisualStudioVersion = 10.0.40219.1
Project("{FAE04EC0-301F-11D3-BF4B-00C04F79EFBC}") = "PizzaCreator", "PizzaCreator\PizzaCreator.csproj", "{682ACB50-76E5-433D-A4C2-2EBDB04F82D6}"
EndProject
Global
	GlobalSection(SolutionConfigurationPlatforms) = preSolution
		Debug|Any CPU = Debug|Any CPU
		Release|Any CPU = Release|Any CPU
	EndGlobalSection
	GlobalSection(ProjectConfigurationPlatforms) = postSolution
		{682ACB50-76E5-433D-A4C2-2EBDB04F82D6}.Debug|Any CPU.ActiveCfg = Debug|Any CPU
		{682ACB50-76E5-433D-A4C2-2EBDB04F82D6}.Debug|Any CPU.Build.0 = Debug|Any CPU
		{682ACB50-76E5-433D-A4C2-2EBDB04F82D6}.Release|Any CPU.ActiveCfg = Release|Any CPU
		{682ACB50-76E5-433D-A4C2-2EBDB04F82D6}.Release|Any CPU.Build.0 = Release|Any CPU
	EndGlobalSection
	GlobalSection(SolutionProperties) = preSolution
		HideSolutionNode = FALSE
	EndGlobalSection
	GlobalSection(ExtensibilityGlobals) = postSolution
		SolutionGuid = {70031050-AD56-4A47-89B0-82A0930C6878}
	EndGlobalSection
EndGlobal
